
Microsoft Visual Studio Solution File, Format Version 12.00
# Visual Studio 14
VisualStudioVersion = 14.0.23107.0
MinimumVisualStudioVersion = 10.0.40219.1
Project("{FAE04EC0-301F-11D3-BF4B-00C04F79EFBC}") = "Ratuj Ludzi_Windows8", "Ratuj Ludzi\Ratuj Ludzi_Windows8.csproj", "{1CA96ABE-010D-4C56-82C3-A4D6C2FCBAB6}"
EndProject
Project("{FAE04EC0-301F-11D3-BF4B-00C04F79EFBC}") = "Ratuj_Ludzi_Android", "Ratuj_Ludzi_Android\Ratuj_Ludzi_Android.csproj", "{47229269-5EE8-4C35-A020-6B9907394EC9}"
EndProject
Project("{D954291E-2A0B-460D-934E-DC6B0785DB48}") = "SharedProject", "SharedProject\SharedProject.shproj", "{FA02F533-5517-4709-9B85-AB3F824BA65E}"
EndProject
Global
	GlobalSection(SharedMSBuildProjectFiles) = preSolution
		SharedProject\SharedProject.projitems*{fa02f533-5517-4709-9b85-ab3f824ba65e}*SharedItemsImports = 13
	EndGlobalSection
	GlobalSection(SolutionConfigurationPlatforms) = preSolution
		Debug|Any CPU = Debug|Any CPU
		Debug|ARM = Debug|ARM
		Debug|x64 = Debug|x64
		Debug|x86 = Debug|x86
		Release|Any CPU = Release|Any CPU
		Release|ARM = Release|ARM
		Release|x64 = Release|x64
		Release|x86 = Release|x86
	EndGlobalSection
	GlobalSection(ProjectConfigurationPlatforms) = postSolution
		{1CA96ABE-010D-4C56-82C3-A4D6C2FCBAB6}.Debug|Any CPU.ActiveCfg = Debug|Any CPU
		{1CA96ABE-010D-4C56-82C3-A4D6C2FCBAB6}.Debug|Any CPU.Build.0 = Debug|Any CPU
		{1CA96ABE-010D-4C56-82C3-A4D6C2FCBAB6}.Debug|Any CPU.Deploy.0 = Debug|Any CPU
		{1CA96ABE-010D-4C56-82C3-A4D6C2FCBAB6}.Debug|ARM.ActiveCfg = Debug|ARM
		{1CA96ABE-010D-4C56-82C3-A4D6C2FCBAB6}.Debug|ARM.Build.0 = Debug|ARM
		{1CA96ABE-010D-4C56-82C3-A4D6C2FCBAB6}.Debug|ARM.Deploy.0 = Debug|ARM
		{1CA96ABE-010D-4C56-82C3-A4D6C2FCBAB6}.Debug|x64.ActiveCfg = Debug|x64
		{1CA96ABE-010D-4C56-82C3-A4D6C2FCBAB6}.Debug|x64.Build.0 = Debug|x64
		{1CA96ABE-010D-4C56-82C3-A4D6C2FCBAB6}.Debug|x64.Deploy.0 = Debug|x64
		{1CA96ABE-010D-4C56-82C3-A4D6C2FCBAB6}.Debug|x86.ActiveCfg = Debug|x86
		{1CA96ABE-010D-4C56-82C3-A4D6C2FCBAB6}.Debug|x86.Build.0 = Debug|x86
		{1CA96ABE-010D-4C56-82C3-A4D6C2FCBAB6}.Debug|x86.Deploy.0 = Debug|x86
		{1CA96ABE-010D-4C56-82C3-A4D6C2FCBAB6}.Release|Any CPU.ActiveCfg = Release|Any CPU
		{1CA96ABE-010D-4C56-82C3-A4D6C2FCBAB6}.Release|Any CPU.Build.0 = Release|Any CPU
		{1CA96ABE-010D-4C56-82C3-A4D6C2FCBAB6}.Release|Any CPU.Deploy.0 = Release|Any CPU
		{1CA96ABE-010D-4C56-82C3-A4D6C2FCBAB6}.Release|ARM.ActiveCfg = Release|ARM
		{1CA96ABE-010D-4C56-82C3-A4D6C2FCBAB6}.Release|ARM.Build.0 = Release|ARM
		{1CA96ABE-010D-4C56-82C3-A4D6C2FCBAB6}.Release|ARM.Deploy.0 = Release|ARM
		{1CA96ABE-010D-4C56-82C3-A4D6C2FCBAB6}.Release|x64.ActiveCfg = Release|x64
		{1CA96ABE-010D-4C56-82C3-A4D6C2FCBAB6}.Release|x64.Build.0 = Release|x64
		{1CA96ABE-010D-4C56-82C3-A4D6C2FCBAB6}.Release|x64.Deploy.0 = Release|x64
		{1CA96ABE-010D-4C56-82C3-A4D6C2FCBAB6}.Release|x86.ActiveCfg = Release|x86
		{1CA96ABE-010D-4C56-82C3-A4D6C2FCBAB6}.Release|x86.Build.0 = Release|x86
		{1CA96ABE-010D-4C56-82C3-A4D6C2FCBAB6}.Release|x86.Deploy.0 = Release|x86
		{47229269-5EE8-4C35-A020-6B9907394EC9}.Debug|Any CPU.ActiveCfg = Debug|Any CPU
		{47229269-5EE8-4C35-A020-6B9907394EC9}.Debug|Any CPU.Build.0 = Debug|Any CPU
		{47229269-5EE8-4C35-A020-6B9907394EC9}.Debug|Any CPU.Deploy.0 = Debug|Any CPU
		{47229269-5EE8-4C35-A020-6B9907394EC9}.Debug|ARM.ActiveCfg = Debug|Any CPU
		{47229269-5EE8-4C35-A020-6B9907394EC9}.Debug|ARM.Build.0 = Debug|Any CPU
		{47229269-5EE8-4C35-A020-6B9907394EC9}.Debug|ARM.Deploy.0 = Debug|Any CPU
		{47229269-5EE8-4C35-A020-6B9907394EC9}.Debug|x64.ActiveCfg = Debug|Any CPU
		{47229269-5EE8-4C35-A020-6B9907394EC9}.Debug|x64.Build.0 = Debug|Any CPU
		{47229269-5EE8-4C35-A020-6B9907394EC9}.Debug|x64.Deploy.0 = Debug|Any CPU
		{47229269-5EE8-4C35-A020-6B9907394EC9}.Debug|x86.ActiveCfg = Debug|Any CPU
		{47229269-5EE8-4C35-A020-6B9907394EC9}.Debug|x86.Build.0 = Debug|Any CPU
		{47229269-5EE8-4C35-A020-6B9907394EC9}.Debug|x86.Deploy.0 = Debug|Any CPU
		{47229269-5EE8-4C35-A020-6B9907394EC9}.Release|Any CPU.ActiveCfg = Release|Any CPU
		{47229269-5EE8-4C35-A020-6B9907394EC9}.Release|Any CPU.Build.0 = Release|Any CPU
		{47229269-5EE8-4C35-A020-6B9907394EC9}.Release|Any CPU.Deploy.0 = Release|Any CPU
		{47229269-5EE8-4C35-A020-6B9907394EC9}.Release|ARM.ActiveCfg = Release|Any CPU
		{47229269-5EE8-4C35-A020-6B9907394EC9}.Release|ARM.Build.0 = Release|Any CPU
		{47229269-5EE8-4C35-A020-6B9907394EC9}.Release|ARM.Deploy.0 = Release|Any CPU
		{47229269-5EE8-4C35-A020-6B9907394EC9}.Release|x64.ActiveCfg = Release|Any CPU
		{47229269-5EE8-4C35-A020-6B9907394EC9}.Release|x64.Build.0 = Release|Any CPU
		{47229269-5EE8-4C35-A020-6B9907394EC9}.Release|x64.Deploy.0 = Release|Any CPU
		{47229269-5EE8-4C35-A020-6B9907394EC9}.Release|x86.ActiveCfg = Release|Any CPU
		{47229269-5EE8-4C35-A020-6B9907394EC9}.Release|x86.Build.0 = Release|Any CPU
		{47229269-5EE8-4C35-A020-6B9907394EC9}.Release|x86.Deploy.0 = Release|Any CPU
	EndGlobalSection
	GlobalSection(SolutionProperties) = preSolution
		HideSolutionNode = FALSE
	EndGlobalSection
EndGlobal
